// !$*UTF8*$!
{
	archiveVersion = 1;
	classes = {
	};
	objectVersion = 56;
	objects = {

/* Begin PBXBuildFile section */
		983EA08B82839D9C22602113 /* ModelsTests.swift in Sources */ = {isa = PBXBuildFile; fileRef = 6B482D0F13EC19F45C63E3A2 /* ModelsTests.swift */; };
		A1000001 /* iOSApp.swift in Sources */ = {isa = PBXBuildFile; fileRef = A2000001 /* iOSApp.swift */; };
		A1000002 /* ContentView.swift in Sources */ = {isa = PBXBuildFile; fileRef = A2000002 /* ContentView.swift */; };
		A1000003 /* ParentDashboardView.swift in Sources */ = {isa = PBXBuildFile; fileRef = A2000003 /* ParentDashboardView.swift */; };
		A1000004 /* ChildDetailView.swift in Sources */ = {isa = PBXBuildFile; fileRef = A2000004 /* ChildDetailView.swift */; };
		A1000005 /* AddChildView.swift in Sources */ = {isa = PBXBuildFile; fileRef = A2000006 /* AddChildView.swift */; };
		A1000006 /* DeviceAppsView.swift in Sources */ = {isa = PBXBuildFile; fileRef = A2000007 /* DeviceAppsView.swift */; };
		A1000007 /* AddManagedAppView.swift in Sources */ = {isa = PBXBuildFile; fileRef = A2000008 /* AddManagedAppView.swift */; };
		A1000008 /* EditAppView.swift in Sources */ = {isa = PBXBuildFile; fileRef = A2000009 /* EditAppView.swift */; };
		A1000009 /* LoginView.swift in Sources */ = {isa = PBXBuildFile; fileRef = A2000010 /* LoginView.swift */; };
		A1000010 /* AuthViewModel.swift in Sources */ = {isa = PBXBuildFile; fileRef = A2000011 /* AuthViewModel.swift */; };
		A1000011 /* Models.swift in Sources */ = {isa = PBXBuildFile; fileRef = A2000012 /* Models.swift */; };
		A1000012 /* SupabaseService.swift in Sources */ = {isa = PBXBuildFile; fileRef = A2000013 /* SupabaseService.swift */; };
		A1000013 /* AddDeviceView.swift in Sources */ = {isa = PBXBuildFile; fileRef = A2000014 /* AddDeviceView.swift */; };
		A1000014 /* DeviceInstallView.swift in Sources */ = {isa = PBXBuildFile; fileRef = A2000015 /* DeviceInstallView.swift */; };
		A1000015 /* Assets.xcassets in Resources */ = {isa = PBXBuildFile; fileRef = A2000017 /* Assets.xcassets */; };
		B05994736B91EACB7711999E /* Foundation.framework in Frameworks */ = {isa = PBXBuildFile; fileRef = 66A0DA1355DEF46A1C4834B4 /* Foundation.framework */; };
/* End PBXBuildFile section */

/* Begin PBXContainerItemProxy section */
		43D8C182417CF96DB87B439A /* PBXContainerItemProxy */ = {
			isa = PBXContainerItemProxy;
			containerPortal = A8000001 /* Project object */;
			proxyType = 1;
			remoteGlobalIDString = A5000001;
			remoteInfo = iosApp;
		};
/* End PBXContainerItemProxy section */

/* Begin PBXFileReference section */
		66A0DA1355DEF46A1C4834B4 /* Foundation.framework */ = {isa = PBXFileReference; lastKnownFileType = wrapper.framework; name = Foundation.framework; path = Platforms/iPhoneOS.platform/Developer/SDKs/iPhoneOS18.0.sdk/System/Library/Frameworks/Foundation.framework; sourceTree = DEVELOPER_DIR; };
		6B482D0F13EC19F45C63E3A2 /* ModelsTests.swift */ = {isa = PBXFileReference; includeInIndex = 1; lastKnownFileType = sourcecode.swift; path = ModelsTests.swift; sourceTree = "<group>"; };
		6CA63DD17F99FE24ACFF06EA /* iosAppTests.xctest */ = {isa = PBXFileReference; explicitFileType = wrapper.cfbundle; includeInIndex = 0; path = iosAppTests.xctest; sourceTree = BUILT_PRODUCTS_DIR; };
		A2000000 /* iosApp.app */ = {isa = PBXFileReference; explicitFileType = wrapper.application; includeInIndex = 0; path = iosApp.app; sourceTree = BUILT_PRODUCTS_DIR; };
		A2000001 /* iOSApp.swift */ = {isa = PBXFileReference; lastKnownFileType = sourcecode.swift; path = iOSApp.swift; sourceTree = "<group>"; };
		A2000002 /* ContentView.swift */ = {isa = PBXFileReference; lastKnownFileType = sourcecode.swift; path = ContentView.swift; sourceTree = "<group>"; };
		A2000003 /* ParentDashboardView.swift */ = {isa = PBXFileReference; lastKnownFileType = sourcecode.swift; path = ParentDashboardView.swift; sourceTree = "<group>"; };
		A2000004 /* ChildDetailView.swift */ = {isa = PBXFileReference; lastKnownFileType = sourcecode.swift; path = ChildDetailView.swift; sourceTree = "<group>"; };
		A2000005 /* Info.plist */ = {isa = PBXFileReference; lastKnownFileType = text.plist.xml; path = Info.plist; sourceTree = "<group>"; };
		A2000006 /* AddChildView.swift */ = {isa = PBXFileReference; lastKnownFileType = sourcecode.swift; path = AddChildView.swift; sourceTree = "<group>"; };
		A2000007 /* DeviceAppsView.swift */ = {isa = PBXFileReference; lastKnownFileType = sourcecode.swift; path = DeviceAppsView.swift; sourceTree = "<group>"; };
		A2000008 /* AddManagedAppView.swift */ = {isa = PBXFileReference; lastKnownFileType = sourcecode.swift; path = AddManagedAppView.swift; sourceTree = "<group>"; };
		A2000009 /* EditAppView.swift */ = {isa = PBXFileReference; lastKnownFileType = sourcecode.swift; path = EditAppView.swift; sourceTree = "<group>"; };
		A2000010 /* LoginView.swift */ = {isa = PBXFileReference; lastKnownFileType = sourcecode.swift; path = LoginView.swift; sourceTree = "<group>"; };
		A2000011 /* AuthViewModel.swift */ = {isa = PBXFileReference; lastKnownFileType = sourcecode.swift; path = AuthViewModel.swift; sourceTree = "<group>"; };
		A2000012 /* Models.swift */ = {isa = PBXFileReference; lastKnownFileType = sourcecode.swift; path = Models.swift; sourceTree = "<group>"; };
		A2000013 /* SupabaseService.swift */ = {isa = PBXFileReference; lastKnownFileType = sourcecode.swift; path = SupabaseService.swift; sourceTree = "<group>"; };
		A2000014 /* AddDeviceView.swift */ = {isa = PBXFileReference; lastKnownFileType = sourcecode.swift; path = AddDeviceView.swift; sourceTree = "<group>"; };
		A2000015 /* DeviceInstallView.swift */ = {isa = PBXFileReference; lastKnownFileType = sourcecode.swift; path = DeviceInstallView.swift; sourceTree = "<group>"; };
		A2000016 /* iosApp.entitlements */ = {isa = PBXFileReference; lastKnownFileType = text.plist.entitlements; path = iosApp.entitlements; sourceTree = "<group>"; };
		A2000017 /* Assets.xcassets */ = {isa = PBXFileReference; lastKnownFileType = folder.assetcatalog; path = Assets.xcassets; sourceTree = "<group>"; };
/* End PBXFileReference section */

/* Begin PBXFrameworksBuildPhase section */
		6A5363C3DBE51769338EA98D /* Frameworks */ = {
			isa = PBXFrameworksBuildPhase;
			buildActionMask = 2147483647;
			files = (
				B05994736B91EACB7711999E /* Foundation.framework in Frameworks */,
			);
			runOnlyForDeploymentPostprocessing = 0;
		};
		A3000001 /* Frameworks */ = {
			isa = PBXFrameworksBuildPhase;
			buildActionMask = 2147483647;
			files = (
			);
			runOnlyForDeploymentPostprocessing = 0;
		};
/* End PBXFrameworksBuildPhase section */

/* Begin PBXGroup section */
		132CDA274DBF83ADB5E069C3 /* iosAppTests */ = {
			isa = PBXGroup;
			children = (
				6B482D0F13EC19F45C63E3A2 /* ModelsTests.swift */,
			);
			name = iosAppTests;
			path = iosAppTests;
			sourceTree = "<group>";
		};
		75EDE947DF1CA730BCEE39A0 /* iOS */ = {
			isa = PBXGroup;
			children = (
				66A0DA1355DEF46A1C4834B4 /* Foundation.framework */,
			);
			name = iOS;
			sourceTree = "<group>";
		};
		A4000000 /* Products */ = {
			isa = PBXGroup;
			children = (
				A2000000 /* iosApp.app */,
				6CA63DD17F99FE24ACFF06EA /* iosAppTests.xctest */,
			);
			name = Products;
			sourceTree = "<group>";
		};
		A4000001 = {
			isa = PBXGroup;
			children = (
				A4000002 /* iosApp */,
				A4000000 /* Products */,
				ABCEF4C42DC98666901E8C41 /* Frameworks */,
				132CDA274DBF83ADB5E069C3 /* iosAppTests */,
			);
			sourceTree = "<group>";
		};
		A4000002 /* iosApp */ = {
			isa = PBXGroup;
			children = (
				A2000001 /* iOSApp.swift */,
				A2000002 /* ContentView.swift */,
				A2000003 /* ParentDashboardView.swift */,
				A2000004 /* ChildDetailView.swift */,
				A2000006 /* AddChildView.swift */,
				A2000007 /* DeviceAppsView.swift */,
				A2000008 /* AddManagedAppView.swift */,
				A2000009 /* EditAppView.swift */,
				A4000003 /* Auth */,
				A4000004 /* Models */,
				A4000005 /* Services */,
				A4000006 /* Onboarding */,
				A2000016 /* iosApp.entitlements */,
				A2000017 /* Assets.xcassets */,
				A2000005 /* Info.plist */,
			);
			path = iosApp;
			sourceTree = "<group>";
		};
		A4000003 /* Auth */ = {
			isa = PBXGroup;
			children = (
				A2000010 /* LoginView.swift */,
				A2000011 /* AuthViewModel.swift */,
			);
			path = Auth;
			sourceTree = "<group>";
		};
		A4000004 /* Models */ = {
			isa = PBXGroup;
			children = (
				A2000012 /* Models.swift */,
			);
			path = Models;
			sourceTree = "<group>";
		};
		A4000005 /* Services */ = {
			isa = PBXGroup;
			children = (
				A2000013 /* SupabaseService.swift */,
			);
			path = Services;
			sourceTree = "<group>";
		};
		A4000006 /* Onboarding */ = {
			isa = PBXGroup;
			children = (
				A2000014 /* AddDeviceView.swift */,
				A2000015 /* DeviceInstallView.swift */,
			);
			path = Onboarding;
			sourceTree = "<group>";
		};
		ABCEF4C42DC98666901E8C41 /* Frameworks */ = {
			isa = PBXGroup;
			children = (
				75EDE947DF1CA730BCEE39A0 /* iOS */,
			);
			name = Frameworks;
			sourceTree = "<group>";
		};
/* End PBXGroup section */

/* Begin PBXNativeTarget section */
		1EA2CD30B49CE4D90FFB339C /* iosAppTests */ = {
			isa = PBXNativeTarget;
			buildConfigurationList = 462E33776CCA77AF83DB4D58 /* Build configuration list for PBXNativeTarget "iosAppTests" */;
			buildPhases = (
				D24AEF6AB8F4436D2C3931F4 /* Sources */,
				6A5363C3DBE51769338EA98D /* Frameworks */,
				5985058B36A1B51B9433C09B /* Resources */,
			);
			buildRules = (
			);
			dependencies = (
				AA19A7E1FB15585D0F7A5149 /* PBXTargetDependency */,
			);
			name = iosAppTests;
			productName = iosAppTests;
			productReference = 6CA63DD17F99FE24ACFF06EA /* iosAppTests.xctest */;
			productType = "com.apple.product-type.bundle.unit-test";
		};
		A5000001 /* iosApp */ = {
			isa = PBXNativeTarget;
			buildConfigurationList = A7000001 /* Build configuration list for PBXNativeTarget "iosApp" */;
			buildPhases = (
				A6000001 /* Sources */,
				A3000001 /* Frameworks */,
				A6000002 /* Resources */,
			);
			buildRules = (
			);
			dependencies = (
			);
			name = iosApp;
			productName = iosApp;
			productReference = A2000000 /* iosApp.app */;
			productType = "com.apple.product-type.application";
		};
/* End PBXNativeTarget section */

/* Begin PBXProject section */
		A8000001 /* Project object */ = {
			isa = PBXProject;
			attributes = {
				BuildIndependentTargetsInParallel = 1;
				LastSwiftUpdateCheck = 1540;
				LastUpgradeCheck = 1540;
				TargetAttributes = {
					A5000001 = {
						CreatedOnToolsVersion = 15.4;
					};
				};
			};
			buildConfigurationList = A7000000 /* Build configuration list for PBXProject "iosApp" */;
			compatibilityVersion = "Xcode 14.0";
			developmentRegion = en;
			hasScannedForEncodings = 0;
			knownRegions = (
				en,
				Base,
			);
			mainGroup = A4000001;
			productRefGroup = A4000000 /* Products */;
			projectDirPath = "";
			projectRoot = "";
			targets = (
				A5000001 /* iosApp */,
				1EA2CD30B49CE4D90FFB339C /* iosAppTests */,
			);
		};
/* End PBXProject section */

/* Begin PBXResourcesBuildPhase section */
		5985058B36A1B51B9433C09B /* Resources */ = {
			isa = PBXResourcesBuildPhase;
			buildActionMask = 2147483647;
			files = (
			);
			runOnlyForDeploymentPostprocessing = 0;
		};
		A6000002 /* Resources */ = {
			isa = PBXResourcesBuildPhase;
			buildActionMask = 2147483647;
			files = (
				A1000015 /* Assets.xcassets in Resources */,
			);
			runOnlyForDeploymentPostprocessing = 0;
		};
/* End PBXResourcesBuildPhase section */

/* Begin PBXSourcesBuildPhase section */
		A6000001 /* Sources */ = {
			isa = PBXSourcesBuildPhase;
			buildActionMask = 2147483647;
			files = (
				A1000001 /* iOSApp.swift in Sources */,
				A1000002 /* ContentView.swift in Sources */,
				A1000003 /* ParentDashboardView.swift in Sources */,
				A1000004 /* ChildDetailView.swift in Sources */,
				A1000005 /* AddChildView.swift in Sources */,
				A1000006 /* DeviceAppsView.swift in Sources */,
				A1000007 /* AddManagedAppView.swift in Sources */,
				A1000008 /* EditAppView.swift in Sources */,
				A1000009 /* LoginView.swift in Sources */,
				A1000010 /* AuthViewModel.swift in Sources */,
				A1000011 /* Models.swift in Sources */,
				A1000012 /* SupabaseService.swift in Sources */,
				A1000013 /* AddDeviceView.swift in Sources */,
				A1000014 /* DeviceInstallView.swift in Sources */,
			);
			runOnlyForDeploymentPostprocessing = 0;
		};
		D24AEF6AB8F4436D2C3931F4 /* Sources */ = {
			isa = PBXSourcesBuildPhase;
			buildActionMask = 2147483647;
			files = (
				983EA08B82839D9C22602113 /* ModelsTests.swift in Sources */,
			);
			runOnlyForDeploymentPostprocessing = 0;
		};
/* End PBXSourcesBuildPhase section */

/* Begin PBXTargetDependency section */
		AA19A7E1FB15585D0F7A5149 /* PBXTargetDependency */ = {
			isa = PBXTargetDependency;
			name = iosApp;
			target = A5000001 /* iosApp */;
			targetProxy = 43D8C182417CF96DB87B439A /* PBXContainerItemProxy */;
		};
/* End PBXTargetDependency section */

/* Begin XCBuildConfiguration section */
		1B47172F4D994138E888CA1E /* Release */ = {
			isa = XCBuildConfiguration;
			buildSettings = {
				BUNDLE_LOADER = "$(TEST_HOST)";
				CLANG_ENABLE_OBJC_WEAK = NO;
				CODE_SIGN_STYLE = Automatic;
				DEVELOPMENT_TEAM = NBTYA5Q847;
				GENERATE_INFOPLIST_FILE = YES;
				IPHONEOS_DEPLOYMENT_TARGET = 17.0;
				PRODUCT_BUNDLE_IDENTIFIER = com.ticktrust.siwa.tests;
				PRODUCT_NAME = "$(TARGET_NAME)";
				SDKROOT = iphoneos;
				SWIFT_VERSION = 5.0;
				TEST_HOST = "$(BUILT_PRODUCTS_DIR)/iosApp.app/iosApp";
				VALIDATE_PRODUCT = YES;
			};
			name = Release;
		};
		A9000001 /* Debug */ = {
			isa = XCBuildConfiguration;
			buildSettings = {
				ALWAYS_SEARCH_USER_PATHS = NO;
				ASSETCATALOG_COMPILER_GENERATE_SWIFT_ASSET_SYMBOL_EXTENSIONS = YES;
				CLANG_ANALYZER_NONNULL = YES;
				CLANG_ANALYZER_NUMBER_OBJECT_CONVERSION = YES_AGGRESSIVE;
				CLANG_CXX_LANGUAGE_STANDARD = "gnu++20";
				CLANG_ENABLE_MODULES = YES;
				CLANG_ENABLE_OBJC_ARC = YES;
				CLANG_ENABLE_OBJC_WEAK = YES;
				CLANG_WARN_BLOCK_CAPTURE_AUTORELEASING = YES;
				CLANG_WARN_BOOL_CONVERSION = YES;
				CLANG_WARN_COMMA = YES;
				CLANG_WARN_CONSTANT_CONVERSION = YES;
				CLANG_WARN_DEPRECATED_OBJC_IMPLEMENTATIONS = YES;
				CLANG_WARN_DIRECT_OBJC_ISA_USAGE = YES_ERROR;
				CLANG_WARN_DOCUMENTATION_COMMENTS = YES;
				CLANG_WARN_EMPTY_BODY = YES;
				CLANG_WARN_ENUM_CONVERSION = YES;
				CLANG_WARN_INFINITE_RECURSION = YES;
				CLANG_WARN_INT_CONVERSION = YES;
				CLANG_WARN_NON_LITERAL_NULL_CONVERSION = YES;
				CLANG_WARN_OBJC_IMPLICIT_RETAIN_SELF = YES;
				CLANG_WARN_OBJC_LITERAL_CONVERSION = YES;
				CLANG_WARN_OBJC_ROOT_CLASS = YES_ERROR;
				CLANG_WARN_QUOTED_INCLUDE_IN_FRAMEWORK_HEADER = YES;
				CLANG_WARN_RANGE_LOOP_ANALYSIS = YES;
				CLANG_WARN_STRICT_PROTOTYPES = YES;
				CLANG_WARN_SUSPICIOUS_MOVE = YES;
				CLANG_WARN_UNGUARDED_AVAILABILITY = YES_AGGRESSIVE;
				CLANG_WARN_UNREACHABLE_CODE = YES;
				CLANG_WARN__DUPLICATE_METHOD_MATCH = YES;
				COPY_PHASE_STRIP = NO;
				DEBUG_INFORMATION_FORMAT = dwarf;
				ENABLE_STRICT_OBJC_MSGSEND = YES;
				ENABLE_TESTABILITY = YES;
				ENABLE_USER_SCRIPT_SANDBOXING = YES;
				GCC_C_LANGUAGE_STANDARD = gnu17;
				GCC_DYNAMIC_NO_PIC = NO;
				GCC_NO_COMMON_BLOCKS = YES;
				GCC_OPTIMIZATION_LEVEL = 0;
				GCC_PREPROCESSOR_DEFINITIONS = (
					"DEBUG=1",
					"$(inherited)",
				);
				GCC_WARN_64_TO_32_BIT_CONVERSION = YES;
				GCC_WARN_ABOUT_RETURN_TYPE = YES_ERROR;
				GCC_WARN_UNDECLARED_SELECTOR = YES;
				GCC_WARN_UNINITIALIZED_AUTOS = YES_AGGRESSIVE;
				GCC_WARN_UNUSED_FUNCTION = YES;
				GCC_WARN_UNUSED_VARIABLE = YES;
				IPHONEOS_DEPLOYMENT_TARGET = 17.0;
				MTL_ENABLE_DEBUG_INFO = INCLUDE_SOURCE;
				MTL_FAST_MATH = YES;
				ONLY_ACTIVE_ARCH = YES;
				SDKROOT = iphoneos;
				SWIFT_ACTIVE_COMPILATION_CONDITIONS = "DEBUG $(inherited)";
				SWIFT_OPTIMIZATION_LEVEL = "-Onone";
			};
			name = Debug;
		};
		A9000002 /* Release */ = {
			isa = XCBuildConfiguration;
			buildSettings = {
				ALWAYS_SEARCH_USER_PATHS = NO;
				ASSETCATALOG_COMPILER_GENERATE_SWIFT_ASSET_SYMBOL_EXTENSIONS = YES;
				CLANG_ANALYZER_NONNULL = YES;
				CLANG_ANALYZER_NUMBER_OBJECT_CONVERSION = YES_AGGRESSIVE;
				CLANG_CXX_LANGUAGE_STANDARD = "gnu++20";
				CLANG_ENABLE_MODULES = YES;
				CLANG_ENABLE_OBJC_ARC = YES;
				CLANG_ENABLE_OBJC_WEAK = YES;
				CLANG_WARN_BLOCK_CAPTURE_AUTORELEASING = YES;
				CLANG_WARN_BOOL_CONVERSION = YES;
				CLANG_WARN_COMMA = YES;
				CLANG_WARN_CONSTANT_CONVERSION = YES;
				CLANG_WARN_DEPRECATED_OBJC_IMPLEMENTATIONS = YES;
				CLANG_WARN_DIRECT_OBJC_ISA_USAGE = YES_ERROR;
				CLANG_WARN_DOCUMENTATION_COMMENTS = YES;
				CLANG_WARN_EMPTY_BODY = YES;
				CLANG_WARN_ENUM_CONVERSION = YES;
				CLANG_WARN_INFINITE_RECURSION = YES;
				CLANG_WARN_INT_CONVERSION = YES;
				CLANG_WARN_NON_LITERAL_NULL_CONVERSION = YES;
				CLANG_WARN_OBJC_IMPLICIT_RETAIN_SELF = YES;
				CLANG_WARN_OBJC_LITERAL_CONVERSION = YES;
				CLANG_WARN_OBJC_ROOT_CLASS = YES_ERROR;
				CLANG_WARN_QUOTED_INCLUDE_IN_FRAMEWORK_HEADER = YES;
				CLANG_WARN_RANGE_LOOP_ANALYSIS = YES;
				CLANG_WARN_STRICT_PROTOTYPES = YES;
				CLANG_WARN_SUSPICIOUS_MOVE = YES;
				CLANG_WARN_UNGUARDED_AVAILABILITY = YES_AGGRESSIVE;
				CLANG_WARN_UNREACHABLE_CODE = YES;
				CLANG_WARN__DUPLICATE_METHOD_MATCH = YES;
				COPY_PHASE_STRIP = NO;
				DEBUG_INFORMATION_FORMAT = "dwarf-with-dsym";
				ENABLE_NS_ASSERTIONS = NO;
				ENABLE_STRICT_OBJC_MSGSEND = YES;
				ENABLE_USER_SCRIPT_SANDBOXING = YES;
				GCC_C_LANGUAGE_STANDARD = gnu17;
				GCC_NO_COMMON_BLOCKS = YES;
				GCC_WARN_64_TO_32_BIT_CONVERSION = YES;
				GCC_WARN_ABOUT_RETURN_TYPE = YES_ERROR;
				GCC_WARN_UNDECLARED_SELECTOR = YES;
				GCC_WARN_UNINITIALIZED_AUTOS = YES_AGGRESSIVE;
				GCC_WARN_UNUSED_FUNCTION = YES;
				GCC_WARN_UNUSED_VARIABLE = YES;
				IPHONEOS_DEPLOYMENT_TARGET = 17.0;
				MTL_ENABLE_DEBUG_INFO = NO;
				MTL_FAST_MATH = YES;
				SDKROOT = iphoneos;
				SWIFT_COMPILATION_MODE = wholemodule;
				VALIDATE_PRODUCT = YES;
			};
			name = Release;
		};
		A9000003 /* Debug */ = {
			isa = XCBuildConfiguration;
			buildSettings = {
				ASSETCATALOG_COMPILER_APPICON_NAME = AppIcon;
				ASSETCATALOG_COMPILER_GLOBAL_ACCENT_COLOR_NAME = AccentColor;
				CODE_SIGN_ENTITLEMENTS = iosApp/iosApp.entitlements;
				CODE_SIGN_STYLE = Automatic;
				CURRENT_PROJECT_VERSION = 1;
				DEVELOPMENT_ASSET_PATHS = "";
				DEVELOPMENT_TEAM = NBTYA5Q847;
				ENABLE_PREVIEWS = YES;
				GENERATE_INFOPLIST_FILE = NO;
				INFOPLIST_FILE = iosApp/Info.plist;
				INFOPLIST_KEY_UIApplicationSceneManifest_Generation = YES;
				INFOPLIST_KEY_UIApplicationSupportsIndirectInputEvents = YES;
				INFOPLIST_KEY_UILaunchScreen_Generation = YES;
				INFOPLIST_KEY_UISupportedInterfaceOrientations_iPad = "UIInterfaceOrientationPortrait UIInterfaceOrientationPortraitUpsideDown UIInterfaceOrientationLandscapeLeft UIInterfaceOrientationLandscapeRight";
				INFOPLIST_KEY_UISupportedInterfaceOrientations_iPhone = "UIInterfaceOrientationPortrait UIInterfaceOrientationLandscapeLeft UIInterfaceOrientationLandscapeRight";
				IPHONEOS_DEPLOYMENT_TARGET = 17.0;
				LD_RUNPATH_SEARCH_PATHS = (
					"$(inherited)",
					"@executable_path/Frameworks",
				);
				MARKETING_VERSION = 1.0;
				PRODUCT_BUNDLE_IDENTIFIER = com.ticktrust.siwa;
				PRODUCT_NAME = "$(TARGET_NAME)";
				SWIFT_EMIT_LOC_STRINGS = YES;
				SWIFT_VERSION = 5.0;
				TARGETED_DEVICE_FAMILY = "1,2";
			};
			name = Debug;
		};
		A9000004 /* Release */ = {
			isa = XCBuildConfiguration;
			buildSettings = {
				ASSETCATALOG_COMPILER_APPICON_NAME = AppIcon;
				ASSETCATALOG_COMPILER_GLOBAL_ACCENT_COLOR_NAME = AccentColor;
				CODE_SIGN_ENTITLEMENTS = iosApp/iosApp.entitlements;
				CODE_SIGN_STYLE = Automatic;
				CURRENT_PROJECT_VERSION = 1;
				DEVELOPMENT_ASSET_PATHS = "";
				DEVELOPMENT_TEAM = NBTYA5Q847;
				ENABLE_PREVIEWS = YES;
				GENERATE_INFOPLIST_FILE = NO;
				INFOPLIST_FILE = iosApp/Info.plist;
				INFOPLIST_KEY_UIApplicationSceneManifest_Generation = YES;
				INFOPLIST_KEY_UIApplicationSupportsIndirectInputEvents = YES;
				INFOPLIST_KEY_UILaunchScreen_Generation = YES;
				INFOPLIST_KEY_UISupportedInterfaceOrientations_iPad = "UIInterfaceOrientationPortrait UIInterfaceOrientationPortraitUpsideDown UIInterfaceOrientationLandscapeLeft UIInterfaceOrientationLandscapeRight";
				INFOPLIST_KEY_UISupportedInterfaceOrientations_iPhone = "UIInterfaceOrientationPortrait UIInterfaceOrientationLandscapeLeft UIInterfaceOrientationLandscapeRight";
				IPHONEOS_DEPLOYMENT_TARGET = 17.0;
				LD_RUNPATH_SEARCH_PATHS = (
					"$(inherited)",
					"@executable_path/Frameworks",
				);
				MARKETING_VERSION = 1.0;
				PRODUCT_BUNDLE_IDENTIFIER = com.ticktrust.siwa;
				PRODUCT_NAME = "$(TARGET_NAME)";
				SWIFT_EMIT_LOC_STRINGS = YES;
				SWIFT_VERSION = 5.0;
				TARGETED_DEVICE_FAMILY = "1,2";
			};
			name = Release;
		};
		C51AE99F55430E0392191006 /* Debug */ = {
			isa = XCBuildConfiguration;
			buildSettings = {
				BUNDLE_LOADER = "$(TEST_HOST)";
				CLANG_ENABLE_OBJC_WEAK = NO;
				CODE_SIGN_STYLE = Automatic;
				DEVELOPMENT_TEAM = NBTYA5Q847;
				GENERATE_INFOPLIST_FILE = YES;
				IPHONEOS_DEPLOYMENT_TARGET = 17.0;
				PRODUCT_BUNDLE_IDENTIFIER = com.ticktrust.siwa.tests;
				PRODUCT_NAME = "$(TARGET_NAME)";
				SDKROOT = iphoneos;
				SWIFT_VERSION = 5.0;
				TEST_HOST = "$(BUILT_PRODUCTS_DIR)/iosApp.app/iosApp";
			};
			name = Debug;
		};
/* End XCBuildConfiguration section */

/* Begin XCConfigurationList section */
		462E33776CCA77AF83DB4D58 /* Build configuration list for PBXNativeTarget "iosAppTests" */ = {
			isa = XCConfigurationList;
			buildConfigurations = (
				1B47172F4D994138E888CA1E /* Release */,
				C51AE99F55430E0392191006 /* Debug */,
			);
			defaultConfigurationIsVisible = 0;
			defaultConfigurationName = Release;
		};
		A7000000 /* Build configuration list for PBXProject "iosApp" */ = {
			isa = XCConfigurationList;
			buildConfigurations = (
				A9000001 /* Debug */,
				A9000002 /* Release */,
			);
			defaultConfigurationIsVisible = 0;
			defaultConfigurationName = Release;
		};
		A7000001 /* Build configuration list for PBXNativeTarget "iosApp" */ = {
			isa = XCConfigurationList;
			buildConfigurations = (
				A9000003 /* Debug */,
				A9000004 /* Release */,
			);
			defaultConfigurationIsVisible = 0;
			defaultConfigurationName = Release;
		};
/* End XCConfigurationList section */
	};
	rootObject = A8000001 /* Project object */;
}
